
Microsoft Visual Studio Solution File, Format Version 12.00
# Visual Studio Version 17
VisualStudioVersion = 17.0.31903.59
MinimumVisualStudioVersion = 10.0.40219.1
Project("{FAE04EC0-301F-11D3-BF4B-00C04F79EFBC}") = "Portfolio", "Portfolio\Portfolio.csproj", "{F4CB8B50-D008-4CE1-9FF4-36835AD10BA7}"
EndProject
Project("{FAE04EC0-301F-11D3-BF4B-00C04F79EFBC}") = "Auth", "Fathy.Common\Auth\Auth.csproj", "{5155E0D9-1062-40B9-BF84-CBE961B128A8}"
EndProject
Project("{FAE04EC0-301F-11D3-BF4B-00C04F79EFBC}") = "Email", "Fathy.Common\Email\Email.csproj", "{303270F6-05E7-43F2-A83D-0DE31A732329}"
EndProject
Project("{FAE04EC0-301F-11D3-BF4B-00C04F79EFBC}") = "Startup", "Fathy.Common\Startup\Startup.csproj", "{11140385-3836-4C6E-9CE9-5A8AC54BC192}"
EndProject
Project("{FAE04EC0-301F-11D3-BF4B-00C04F79EFBC}") = "Storage", "Fathy.Common\Storage\Storage.csproj", "{5D7A6ED7-396B-4ABC-A7C2-0FC876E25E12}"
EndProject
Project("{2150E333-8FDC-42A3-9474-1A3956D46DE8}") = "Fathy.Common", "Fathy.Common", "{D0A3DB55-25C4-47F3-9A9D-6D4BD471CFF0}"
EndProject
Global
	GlobalSection(SolutionConfigurationPlatforms) = preSolution
		Debug|Any CPU = Debug|Any CPU
		Release|Any CPU = Release|Any CPU
	EndGlobalSection
	GlobalSection(SolutionProperties) = preSolution
		HideSolutionNode = FALSE
	EndGlobalSection
	GlobalSection(ProjectConfigurationPlatforms) = postSolution
		{F4CB8B50-D008-4CE1-9FF4-36835AD10BA7}.Debug|Any CPU.ActiveCfg = Debug|Any CPU
		{F4CB8B50-D008-4CE1-9FF4-36835AD10BA7}.Debug|Any CPU.Build.0 = Debug|Any CPU
		{F4CB8B50-D008-4CE1-9FF4-36835AD10BA7}.Release|Any CPU.ActiveCfg = Release|Any CPU
		{F4CB8B50-D008-4CE1-9FF4-36835AD10BA7}.Release|Any CPU.Build.0 = Release|Any CPU
		{5155E0D9-1062-40B9-BF84-CBE961B128A8}.Debug|Any CPU.ActiveCfg = Debug|Any CPU
		{5155E0D9-1062-40B9-BF84-CBE961B128A8}.Debug|Any CPU.Build.0 = Debug|Any CPU
		{5155E0D9-1062-40B9-BF84-CBE961B128A8}.Release|Any CPU.ActiveCfg = Release|Any CPU
		{5155E0D9-1062-40B9-BF84-CBE961B128A8}.Release|Any CPU.Build.0 = Release|Any CPU
		{303270F6-05E7-43F2-A83D-0DE31A732329}.Debug|Any CPU.ActiveCfg = Debug|Any CPU
		{303270F6-05E7-43F2-A83D-0DE31A732329}.Debug|Any CPU.Build.0 = Debug|Any CPU
		{303270F6-05E7-43F2-A83D-0DE31A732329}.Release|Any CPU.ActiveCfg = Release|Any CPU
		{303270F6-05E7-43F2-A83D-0DE31A732329}.Release|Any CPU.Build.0 = Release|Any CPU
		{11140385-3836-4C6E-9CE9-5A8AC54BC192}.Debug|Any CPU.ActiveCfg = Debug|Any CPU
		{11140385-3836-4C6E-9CE9-5A8AC54BC192}.Debug|Any CPU.Build.0 = Debug|Any CPU
		{11140385-3836-4C6E-9CE9-5A8AC54BC192}.Release|Any CPU.ActiveCfg = Release|Any CPU
		{11140385-3836-4C6E-9CE9-5A8AC54BC192}.Release|Any CPU.Build.0 = Release|Any CPU
		{5D7A6ED7-396B-4ABC-A7C2-0FC876E25E12}.Debug|Any CPU.ActiveCfg = Debug|Any CPU
		{5D7A6ED7-396B-4ABC-A7C2-0FC876E25E12}.Debug|Any CPU.Build.0 = Debug|Any CPU
		{5D7A6ED7-396B-4ABC-A7C2-0FC876E25E12}.Release|Any CPU.ActiveCfg = Release|Any CPU
		{5D7A6ED7-396B-4ABC-A7C2-0FC876E25E12}.Release|Any CPU.Build.0 = Release|Any CPU
	EndGlobalSection
	GlobalSection(NestedProjects) = preSolution
		{5155E0D9-1062-40B9-BF84-CBE961B128A8} = {D0A3DB55-25C4-47F3-9A9D-6D4BD471CFF0}
		{303270F6-05E7-43F2-A83D-0DE31A732329} = {D0A3DB55-25C4-47F3-9A9D-6D4BD471CFF0}
		{11140385-3836-4C6E-9CE9-5A8AC54BC192} = {D0A3DB55-25C4-47F3-9A9D-6D4BD471CFF0}
		{5D7A6ED7-396B-4ABC-A7C2-0FC876E25E12} = {D0A3DB55-25C4-47F3-9A9D-6D4BD471CFF0}
	EndGlobalSection
EndGlobal
